
Microsoft Visual Studio Solution File, Format Version 12.00
# Visual Studio Version 17
VisualStudioVersion = 17.8.34330.188
MinimumVisualStudioVersion = 10.0.40219.1
Project("{9A19103F-16F7-4668-BE54-9A1E7A4F7556}") = "CommuniMerge", "CommuniMerge\CommuniMerge.csproj", "{D9E49562-C990-44BA-8388-B5C8BB480DA1}"
EndProject
Project("{9A19103F-16F7-4668-BE54-9A1E7A4F7556}") = "CommuniMerge.Test", "CommuniMerge.Test\CommuniMerge.Test.csproj", "{4F5538DB-A1A9-4B84-AF69-EF36D0468F14}"
EndProject
Project("{9A19103F-16F7-4668-BE54-9A1E7A4F7556}") = "Communimerge.Api", "Communimerge.Api\Communimerge.Api.csproj", "{330F7E7A-E82C-47D0-8A61-8A741D922A90}"
EndProject
Project("{9A19103F-16F7-4668-BE54-9A1E7A4F7556}") = "CommuniMerge.Library", "CommuniMerge.Library\CommuniMerge.Library.csproj", "{523DAD7A-9852-46A0-A2A8-6B1250D6AECB}"
EndProject
Global
	GlobalSection(SolutionConfigurationPlatforms) = preSolution
		Debug|Any CPU = Debug|Any CPU
		Release|Any CPU = Release|Any CPU
	EndGlobalSection
	GlobalSection(ProjectConfigurationPlatforms) = postSolution
		{D9E49562-C990-44BA-8388-B5C8BB480DA1}.Debug|Any CPU.ActiveCfg = Debug|Any CPU
		{D9E49562-C990-44BA-8388-B5C8BB480DA1}.Debug|Any CPU.Build.0 = Debug|Any CPU
		{D9E49562-C990-44BA-8388-B5C8BB480DA1}.Release|Any CPU.ActiveCfg = Release|Any CPU
		{D9E49562-C990-44BA-8388-B5C8BB480DA1}.Release|Any CPU.Build.0 = Release|Any CPU
		{4F5538DB-A1A9-4B84-AF69-EF36D0468F14}.Debug|Any CPU.ActiveCfg = Debug|Any CPU
		{4F5538DB-A1A9-4B84-AF69-EF36D0468F14}.Debug|Any CPU.Build.0 = Debug|Any CPU
		{4F5538DB-A1A9-4B84-AF69-EF36D0468F14}.Release|Any CPU.ActiveCfg = Release|Any CPU
		{4F5538DB-A1A9-4B84-AF69-EF36D0468F14}.Release|Any CPU.Build.0 = Release|Any CPU
		{330F7E7A-E82C-47D0-8A61-8A741D922A90}.Debug|Any CPU.ActiveCfg = Debug|Any CPU
		{330F7E7A-E82C-47D0-8A61-8A741D922A90}.Debug|Any CPU.Build.0 = Debug|Any CPU
		{330F7E7A-E82C-47D0-8A61-8A741D922A90}.Release|Any CPU.ActiveCfg = Release|Any CPU
		{330F7E7A-E82C-47D0-8A61-8A741D922A90}.Release|Any CPU.Build.0 = Release|Any CPU
		{523DAD7A-9852-46A0-A2A8-6B1250D6AECB}.Debug|Any CPU.ActiveCfg = Debug|Any CPU
		{523DAD7A-9852-46A0-A2A8-6B1250D6AECB}.Debug|Any CPU.Build.0 = Debug|Any CPU
		{523DAD7A-9852-46A0-A2A8-6B1250D6AECB}.Release|Any CPU.ActiveCfg = Release|Any CPU
		{523DAD7A-9852-46A0-A2A8-6B1250D6AECB}.Release|Any CPU.Build.0 = Release|Any CPU
	EndGlobalSection
	GlobalSection(SolutionProperties) = preSolution
		HideSolutionNode = FALSE
	EndGlobalSection
	GlobalSection(ExtensibilityGlobals) = postSolution
		SolutionGuid = {4EA14A7A-E916-4067-BE73-3E59781B80DB}
	EndGlobalSection
EndGlobal
